
Microsoft Visual Studio Solution File, Format Version 12.00
# Visual Studio 15
VisualStudioVersion = 15.0.27703.2000
MinimumVisualStudioVersion = 10.0.40219.1
Project("{FAE04EC0-301F-11D3-BF4B-00C04F79EFBC}") = "TrXamGuide.Android", "TrXamGuide\TrXamGuide.Android\TrXamGuide.Android.csproj", "{06358EB5-6C50-47FE-BC7E-6F5C368AB083}"
EndProject
Project("{FAE04EC0-301F-11D3-BF4B-00C04F79EFBC}") = "TrXamGuide.iOS", "TrXamGuide\TrXamGuide.iOS\TrXamGuide.iOS.csproj", "{8D06B327-B5A8-4A53-80EE-F170397D19DD}"
EndProject
Project("{FAE04EC0-301F-11D3-BF4B-00C04F79EFBC}") = "TrXamGuide.UWP", "TrXamGuide\TrXamGuide.UWP\TrXamGuide.UWP.csproj", "{8A4117C2-2521-4495-A4BB-64AE9C451482}"
EndProject
Project("{9A19103F-16F7-4668-BE54-9A1E7A4F7556}") = "TrXamGuide", "TrXamGuide\TrXamGuide\TrXamGuide.csproj", "{4168DB72-2042-4A0B-9F7B-AD99D76BA25C}"
EndProject
Project("{FAE04EC0-301F-11D3-BF4B-00C04F79EFBC}") = "TrXamGuide.WPF", "TrXamGuide\TrXamGuide.WPF\TrXamGuide.WPF.csproj", "{63C389E7-8A60-4D8C-B7A0-E1A15DE8C636}"
EndProject
Global
	GlobalSection(SolutionConfigurationPlatforms) = preSolution
		Ad-Hoc|Any CPU = Ad-Hoc|Any CPU
		Ad-Hoc|ARM = Ad-Hoc|ARM
		Ad-Hoc|iPhone = Ad-Hoc|iPhone
		Ad-Hoc|iPhoneSimulator = Ad-Hoc|iPhoneSimulator
		Ad-Hoc|x64 = Ad-Hoc|x64
		Ad-Hoc|x86 = Ad-Hoc|x86
		AppStore|Any CPU = AppStore|Any CPU
		AppStore|ARM = AppStore|ARM
		AppStore|iPhone = AppStore|iPhone
		AppStore|iPhoneSimulator = AppStore|iPhoneSimulator
		AppStore|x64 = AppStore|x64
		AppStore|x86 = AppStore|x86
		Debug|Any CPU = Debug|Any CPU
		Debug|ARM = Debug|ARM
		Debug|iPhone = Debug|iPhone
		Debug|iPhoneSimulator = Debug|iPhoneSimulator
		Debug|x64 = Debug|x64
		Debug|x86 = Debug|x86
		Release|Any CPU = Release|Any CPU
		Release|ARM = Release|ARM
		Release|iPhone = Release|iPhone
		Release|iPhoneSimulator = Release|iPhoneSimulator
		Release|x64 = Release|x64
		Release|x86 = Release|x86
	EndGlobalSection
	GlobalSection(ProjectConfigurationPlatforms) = postSolution
		{06358EB5-6C50-47FE-BC7E-6F5C368AB083}.Ad-Hoc|Any CPU.ActiveCfg = Release|Any CPU
		{06358EB5-6C50-47FE-BC7E-6F5C368AB083}.Ad-Hoc|Any CPU.Build.0 = Release|Any CPU
		{06358EB5-6C50-47FE-BC7E-6F5C368AB083}.Ad-Hoc|Any CPU.Deploy.0 = Release|Any CPU
		{06358EB5-6C50-47FE-BC7E-6F5C368AB083}.Ad-Hoc|ARM.ActiveCfg = Release|Any CPU
		{06358EB5-6C50-47FE-BC7E-6F5C368AB083}.Ad-Hoc|ARM.Build.0 = Release|Any CPU
		{06358EB5-6C50-47FE-BC7E-6F5C368AB083}.Ad-Hoc|ARM.Deploy.0 = Release|Any CPU
		{06358EB5-6C50-47FE-BC7E-6F5C368AB083}.Ad-Hoc|iPhone.ActiveCfg = Release|Any CPU
		{06358EB5-6C50-47FE-BC7E-6F5C368AB083}.Ad-Hoc|iPhone.Build.0 = Release|Any CPU
		{06358EB5-6C50-47FE-BC7E-6F5C368AB083}.Ad-Hoc|iPhone.Deploy.0 = Release|Any CPU
		{06358EB5-6C50-47FE-BC7E-6F5C368AB083}.Ad-Hoc|iPhoneSimulator.ActiveCfg = Release|Any CPU
		{06358EB5-6C50-47FE-BC7E-6F5C368AB083}.Ad-Hoc|iPhoneSimulator.Build.0 = Release|Any CPU
		{06358EB5-6C50-47FE-BC7E-6F5C368AB083}.Ad-Hoc|iPhoneSimulator.Deploy.0 = Release|Any CPU
		{06358EB5-6C50-47FE-BC7E-6F5C368AB083}.Ad-Hoc|x64.ActiveCfg = Release|Any CPU
		{06358EB5-6C50-47FE-BC7E-6F5C368AB083}.Ad-Hoc|x64.Build.0 = Release|Any CPU
		{06358EB5-6C50-47FE-BC7E-6F5C368AB083}.Ad-Hoc|x64.Deploy.0 = Release|Any CPU
		{06358EB5-6C50-47FE-BC7E-6F5C368AB083}.Ad-Hoc|x86.ActiveCfg = Release|Any CPU
		{06358EB5-6C50-47FE-BC7E-6F5C368AB083}.Ad-Hoc|x86.Build.0 = Release|Any CPU
		{06358EB5-6C50-47FE-BC7E-6F5C368AB083}.Ad-Hoc|x86.Deploy.0 = Release|Any CPU
		{06358EB5-6C50-47FE-BC7E-6F5C368AB083}.AppStore|Any CPU.ActiveCfg = Release|Any CPU
		{06358EB5-6C50-47FE-BC7E-6F5C368AB083}.AppStore|Any CPU.Build.0 = Release|Any CPU
		{06358EB5-6C50-47FE-BC7E-6F5C368AB083}.AppStore|Any CPU.Deploy.0 = Release|Any CPU
		{06358EB5-6C50-47FE-BC7E-6F5C368AB083}.AppStore|ARM.ActiveCfg = Release|Any CPU
		{06358EB5-6C50-47FE-BC7E-6F5C368AB083}.AppStore|ARM.Build.0 = Release|Any CPU
		{06358EB5-6C50-47FE-BC7E-6F5C368AB083}.AppStore|ARM.Deploy.0 = Release|Any CPU
		{06358EB5-6C50-47FE-BC7E-6F5C368AB083}.AppStore|iPhone.ActiveCfg = Release|Any CPU
		{06358EB5-6C50-47FE-BC7E-6F5C368AB083}.AppStore|iPhone.Build.0 = Release|Any CPU
		{06358EB5-6C50-47FE-BC7E-6F5C368AB083}.AppStore|iPhone.Deploy.0 = Release|Any CPU
		{06358EB5-6C50-47FE-BC7E-6F5C368AB083}.AppStore|iPhoneSimulator.ActiveCfg = Release|Any CPU
		{06358EB5-6C50-47FE-BC7E-6F5C368AB083}.AppStore|iPhoneSimulator.Build.0 = Release|Any CPU
		{06358EB5-6C50-47FE-BC7E-6F5C368AB083}.AppStore|iPhoneSimulator.Deploy.0 = Release|Any CPU
		{06358EB5-6C50-47FE-BC7E-6F5C368AB083}.AppStore|x64.ActiveCfg = Release|Any CPU
		{06358EB5-6C50-47FE-BC7E-6F5C368AB083}.AppStore|x64.Build.0 = Release|Any CPU
		{06358EB5-6C50-47FE-BC7E-6F5C368AB083}.AppStore|x64.Deploy.0 = Release|Any CPU
		{06358EB5-6C50-47FE-BC7E-6F5C368AB083}.AppStore|x86.ActiveCfg = Release|Any CPU
		{06358EB5-6C50-47FE-BC7E-6F5C368AB083}.AppStore|x86.Build.0 = Release|Any CPU
		{06358EB5-6C50-47FE-BC7E-6F5C368AB083}.AppStore|x86.Deploy.0 = Release|Any CPU
		{06358EB5-6C50-47FE-BC7E-6F5C368AB083}.Debug|Any CPU.ActiveCfg = Debug|Any CPU
		{06358EB5-6C50-47FE-BC7E-6F5C368AB083}.Debug|Any CPU.Build.0 = Debug|Any CPU
		{06358EB5-6C50-47FE-BC7E-6F5C368AB083}.Debug|Any CPU.Deploy.0 = Debug|Any CPU
		{06358EB5-6C50-47FE-BC7E-6F5C368AB083}.Debug|ARM.ActiveCfg = Debug|Any CPU
		{06358EB5-6C50-47FE-BC7E-6F5C368AB083}.Debug|ARM.Build.0 = Debug|Any CPU
		{06358EB5-6C50-47FE-BC7E-6F5C368AB083}.Debug|ARM.Deploy.0 = Debug|Any CPU
		{06358EB5-6C50-47FE-BC7E-6F5C368AB083}.Debug|iPhone.ActiveCfg = Debug|Any CPU
		{06358EB5-6C50-47FE-BC7E-6F5C368AB083}.Debug|iPhone.Build.0 = Debug|Any CPU
		{06358EB5-6C50-47FE-BC7E-6F5C368AB083}.Debug|iPhone.Deploy.0 = Debug|Any CPU
		{06358EB5-6C50-47FE-BC7E-6F5C368AB083}.Debug|iPhoneSimulator.ActiveCfg = Debug|Any CPU
		{06358EB5-6C50-47FE-BC7E-6F5C368AB083}.Debug|iPhoneSimulator.Build.0 = Debug|Any CPU
		{06358EB5-6C50-47FE-BC7E-6F5C368AB083}.Debug|iPhoneSimulator.Deploy.0 = Debug|Any CPU
		{06358EB5-6C50-47FE-BC7E-6F5C368AB083}.Debug|x64.ActiveCfg = Debug|Any CPU
		{06358EB5-6C50-47FE-BC7E-6F5C368AB083}.Debug|x64.Build.0 = Debug|Any CPU
		{06358EB5-6C50-47FE-BC7E-6F5C368AB083}.Debug|x64.Deploy.0 = Debug|Any CPU
		{06358EB5-6C50-47FE-BC7E-6F5C368AB083}.Debug|x86.ActiveCfg = Debug|Any CPU
		{06358EB5-6C50-47FE-BC7E-6F5C368AB083}.Debug|x86.Build.0 = Debug|Any CPU
		{06358EB5-6C50-47FE-BC7E-6F5C368AB083}.Debug|x86.Deploy.0 = Debug|Any CPU
		{06358EB5-6C50-47FE-BC7E-6F5C368AB083}.Release|Any CPU.ActiveCfg = Release|Any CPU
		{06358EB5-6C50-47FE-BC7E-6F5C368AB083}.Release|Any CPU.Build.0 = Release|Any CPU
		{06358EB5-6C50-47FE-BC7E-6F5C368AB083}.Release|Any CPU.Deploy.0 = Release|Any CPU
		{06358EB5-6C50-47FE-BC7E-6F5C368AB083}.Release|ARM.ActiveCfg = Release|Any CPU
		{06358EB5-6C50-47FE-BC7E-6F5C368AB083}.Release|ARM.Build.0 = Release|Any CPU
		{06358EB5-6C50-47FE-BC7E-6F5C368AB083}.Release|ARM.Deploy.0 = Release|Any CPU
		{06358EB5-6C50-47FE-BC7E-6F5C368AB083}.Release|iPhone.ActiveCfg = Release|Any CPU
		{06358EB5-6C50-47FE-BC7E-6F5C368AB083}.Release|iPhone.Build.0 = Release|Any CPU
		{06358EB5-6C50-47FE-BC7E-6F5C368AB083}.Release|iPhone.Deploy.0 = Release|Any CPU
		{06358EB5-6C50-47FE-BC7E-6F5C368AB083}.Release|iPhoneSimulator.ActiveCfg = Release|Any CPU
		{06358EB5-6C50-47FE-BC7E-6F5C368AB083}.Release|iPhoneSimulator.Build.0 = Release|Any CPU
		{06358EB5-6C50-47FE-BC7E-6F5C368AB083}.Release|iPhoneSimulator.Deploy.0 = Release|Any CPU
		{06358EB5-6C50-47FE-BC7E-6F5C368AB083}.Release|x64.ActiveCfg = Release|Any CPU
		{06358EB5-6C50-47FE-BC7E-6F5C368AB083}.Release|x64.Build.0 = Release|Any CPU
		{06358EB5-6C50-47FE-BC7E-6F5C368AB083}.Release|x64.Deploy.0 = Release|Any CPU
		{06358EB5-6C50-47FE-BC7E-6F5C368AB083}.Release|x86.ActiveCfg = Release|Any CPU
		{06358EB5-6C50-47FE-BC7E-6F5C368AB083}.Release|x86.Build.0 = Release|Any CPU
		{06358EB5-6C50-47FE-BC7E-6F5C368AB083}.Release|x86.Deploy.0 = Release|Any CPU
		{8D06B327-B5A8-4A53-80EE-F170397D19DD}.Ad-Hoc|Any CPU.ActiveCfg = Ad-Hoc|iPhone
		{8D06B327-B5A8-4A53-80EE-F170397D19DD}.Ad-Hoc|Any CPU.Build.0 = Ad-Hoc|iPhone
		{8D06B327-B5A8-4A53-80EE-F170397D19DD}.Ad-Hoc|Any CPU.Deploy.0 = Ad-Hoc|iPhone
		{8D06B327-B5A8-4A53-80EE-F170397D19DD}.Ad-Hoc|ARM.ActiveCfg = Ad-Hoc|iPhone
		{8D06B327-B5A8-4A53-80EE-F170397D19DD}.Ad-Hoc|ARM.Build.0 = Ad-Hoc|iPhone
		{8D06B327-B5A8-4A53-80EE-F170397D19DD}.Ad-Hoc|ARM.Deploy.0 = Ad-Hoc|iPhone
		{8D06B327-B5A8-4A53-80EE-F170397D19DD}.Ad-Hoc|iPhone.ActiveCfg = Ad-Hoc|iPhone
		{8D06B327-B5A8-4A53-80EE-F170397D19DD}.Ad-Hoc|iPhone.Build.0 = Ad-Hoc|iPhone
		{8D06B327-B5A8-4A53-80EE-F170397D19DD}.Ad-Hoc|iPhone.Deploy.0 = Ad-Hoc|iPhone
		{8D06B327-B5A8-4A53-80EE-F170397D19DD}.Ad-Hoc|iPhoneSimulator.ActiveCfg = Ad-Hoc|iPhoneSimulator
		{8D06B327-B5A8-4A53-80EE-F170397D19DD}.Ad-Hoc|iPhoneSimulator.Build.0 = Ad-Hoc|iPhoneSimulator
		{8D06B327-B5A8-4A53-80EE-F170397D19DD}.Ad-Hoc|iPhoneSimulator.Deploy.0 = Ad-Hoc|iPhoneSimulator
		{8D06B327-B5A8-4A53-80EE-F170397D19DD}.Ad-Hoc|x64.ActiveCfg = Ad-Hoc|iPhone
		{8D06B327-B5A8-4A53-80EE-F170397D19DD}.Ad-Hoc|x64.Build.0 = Ad-Hoc|iPhone
		{8D06B327-B5A8-4A53-80EE-F170397D19DD}.Ad-Hoc|x64.Deploy.0 = Ad-Hoc|iPhone
		{8D06B327-B5A8-4A53-80EE-F170397D19DD}.Ad-Hoc|x86.ActiveCfg = Ad-Hoc|iPhone
		{8D06B327-B5A8-4A53-80EE-F170397D19DD}.Ad-Hoc|x86.Build.0 = Ad-Hoc|iPhone
		{8D06B327-B5A8-4A53-80EE-F170397D19DD}.Ad-Hoc|x86.Deploy.0 = Ad-Hoc|iPhone
		{8D06B327-B5A8-4A53-80EE-F170397D19DD}.AppStore|Any CPU.ActiveCfg = AppStore|iPhone
		{8D06B327-B5A8-4A53-80EE-F170397D19DD}.AppStore|Any CPU.Build.0 = AppStore|iPhone
		{8D06B327-B5A8-4A53-80EE-F170397D19DD}.AppStore|Any CPU.Deploy.0 = AppStore|iPhone
		{8D06B327-B5A8-4A53-80EE-F170397D19DD}.AppStore|ARM.ActiveCfg = AppStore|iPhone
		{8D06B327-B5A8-4A53-80EE-F170397D19DD}.AppStore|ARM.Build.0 = AppStore|iPhone
		{8D06B327-B5A8-4A53-80EE-F170397D19DD}.AppStore|ARM.Deploy.0 = AppStore|iPhone
		{8D06B327-B5A8-4A53-80EE-F170397D19DD}.AppStore|iPhone.ActiveCfg = AppStore|iPhone
		{8D06B327-B5A8-4A53-80EE-F170397D19DD}.AppStore|iPhone.Build.0 = AppStore|iPhone
		{8D06B327-B5A8-4A53-80EE-F170397D19DD}.AppStore|iPhone.Deploy.0 = AppStore|iPhone
		{8D06B327-B5A8-4A53-80EE-F170397D19DD}.AppStore|iPhoneSimulator.ActiveCfg = AppStore|iPhoneSimulator
		{8D06B327-B5A8-4A53-80EE-F170397D19DD}.AppStore|iPhoneSimulator.Build.0 = AppStore|iPhoneSimulator
		{8D06B327-B5A8-4A53-80EE-F170397D19DD}.AppStore|iPhoneSimulator.Deploy.0 = AppStore|iPhoneSimulator
		{8D06B327-B5A8-4A53-80EE-F170397D19DD}.AppStore|x64.ActiveCfg = AppStore|iPhone
		{8D06B327-B5A8-4A53-80EE-F170397D19DD}.AppStore|x64.Build.0 = AppStore|iPhone
		{8D06B327-B5A8-4A53-80EE-F170397D19DD}.AppStore|x64.Deploy.0 = AppStore|iPhone
		{8D06B327-B5A8-4A53-80EE-F170397D19DD}.AppStore|x86.ActiveCfg = AppStore|iPhone
		{8D06B327-B5A8-4A53-80EE-F170397D19DD}.AppStore|x86.Build.0 = AppStore|iPhone
		{8D06B327-B5A8-4A53-80EE-F170397D19DD}.AppStore|x86.Deploy.0 = AppStore|iPhone
		{8D06B327-B5A8-4A53-80EE-F170397D19DD}.Debug|Any CPU.ActiveCfg = Debug|iPhoneSimulator
		{8D06B327-B5A8-4A53-80EE-F170397D19DD}.Debug|Any CPU.Build.0 = Debug|iPhoneSimulator
		{8D06B327-B5A8-4A53-80EE-F170397D19DD}.Debug|Any CPU.Deploy.0 = Debug|iPhoneSimulator
		{8D06B327-B5A8-4A53-80EE-F170397D19DD}.Debug|ARM.ActiveCfg = Debug|iPhone
		{8D06B327-B5A8-4A53-80EE-F170397D19DD}.Debug|ARM.Build.0 = Debug|iPhone
		{8D06B327-B5A8-4A53-80EE-F170397D19DD}.Debug|ARM.Deploy.0 = Debug|iPhone
		{8D06B327-B5A8-4A53-80EE-F170397D19DD}.Debug|iPhone.ActiveCfg = Debug|iPhone
		{8D06B327-B5A8-4A53-80EE-F170397D19DD}.Debug|iPhone.Build.0 = Debug|iPhone
		{8D06B327-B5A8-4A53-80EE-F170397D19DD}.Debug|iPhone.Deploy.0 = Debug|iPhone
		{8D06B327-B5A8-4A53-80EE-F170397D19DD}.Debug|iPhoneSimulator.ActiveCfg = Debug|iPhoneSimulator
		{8D06B327-B5A8-4A53-80EE-F170397D19DD}.Debug|iPhoneSimulator.Build.0 = Debug|iPhoneSimulator
		{8D06B327-B5A8-4A53-80EE-F170397D19DD}.Debug|iPhoneSimulator.Deploy.0 = Debug|iPhoneSimulator
		{8D06B327-B5A8-4A53-80EE-F170397D19DD}.Debug|x64.ActiveCfg = Debug|iPhone
		{8D06B327-B5A8-4A53-80EE-F170397D19DD}.Debug|x64.Build.0 = Debug|iPhone
		{8D06B327-B5A8-4A53-80EE-F170397D19DD}.Debug|x64.Deploy.0 = Debug|iPhone
		{8D06B327-B5A8-4A53-80EE-F170397D19DD}.Debug|x86.ActiveCfg = Debug|iPhone
		{8D06B327-B5A8-4A53-80EE-F170397D19DD}.Debug|x86.Build.0 = Debug|iPhone
		{8D06B327-B5A8-4A53-80EE-F170397D19DD}.Debug|x86.Deploy.0 = Debug|iPhone
		{8D06B327-B5A8-4A53-80EE-F170397D19DD}.Release|Any CPU.ActiveCfg = Release|iPhone
		{8D06B327-B5A8-4A53-80EE-F170397D19DD}.Release|Any CPU.Build.0 = Release|iPhone
		{8D06B327-B5A8-4A53-80EE-F170397D19DD}.Release|Any CPU.Deploy.0 = Release|iPhone
		{8D06B327-B5A8-4A53-80EE-F170397D19DD}.Release|ARM.ActiveCfg = Release|iPhone
		{8D06B327-B5A8-4A53-80EE-F170397D19DD}.Release|ARM.Build.0 = Release|iPhone
		{8D06B327-B5A8-4A53-80EE-F170397D19DD}.Release|ARM.Deploy.0 = Release|iPhone
		{8D06B327-B5A8-4A53-80EE-F170397D19DD}.Release|iPhone.ActiveCfg = Release|iPhone
		{8D06B327-B5A8-4A53-80EE-F170397D19DD}.Release|iPhone.Build.0 = Release|iPhone
		{8D06B327-B5A8-4A53-80EE-F170397D19DD}.Release|iPhone.Deploy.0 = Release|iPhone
		{8D06B327-B5A8-4A53-80EE-F170397D19DD}.Release|iPhoneSimulator.ActiveCfg = Release|iPhoneSimulator
		{8D06B327-B5A8-4A53-80EE-F170397D19DD}.Release|iPhoneSimulator.Build.0 = Release|iPhoneSimulator
		{8D06B327-B5A8-4A53-80EE-F170397D19DD}.Release|iPhoneSimulator.Deploy.0 = Release|iPhoneSimulator
		{8D06B327-B5A8-4A53-80EE-F170397D19DD}.Release|x64.ActiveCfg = Release|iPhone
		{8D06B327-B5A8-4A53-80EE-F170397D19DD}.Release|x64.Build.0 = Release|iPhone
		{8D06B327-B5A8-4A53-80EE-F170397D19DD}.Release|x64.Deploy.0 = Release|iPhone
		{8D06B327-B5A8-4A53-80EE-F170397D19DD}.Release|x86.ActiveCfg = Release|iPhone
		{8D06B327-B5A8-4A53-80EE-F170397D19DD}.Release|x86.Build.0 = Release|iPhone
		{8D06B327-B5A8-4A53-80EE-F170397D19DD}.Release|x86.Deploy.0 = Release|iPhone
		{8A4117C2-2521-4495-A4BB-64AE9C451482}.Ad-Hoc|Any CPU.ActiveCfg = Release|x86
		{8A4117C2-2521-4495-A4BB-64AE9C451482}.Ad-Hoc|Any CPU.Build.0 = Release|x86
		{8A4117C2-2521-4495-A4BB-64AE9C451482}.Ad-Hoc|Any CPU.Deploy.0 = Release|x86
		{8A4117C2-2521-4495-A4BB-64AE9C451482}.Ad-Hoc|ARM.ActiveCfg = Release|ARM
		{8A4117C2-2521-4495-A4BB-64AE9C451482}.Ad-Hoc|ARM.Build.0 = Release|ARM
		{8A4117C2-2521-4495-A4BB-64AE9C451482}.Ad-Hoc|ARM.Deploy.0 = Release|ARM
		{8A4117C2-2521-4495-A4BB-64AE9C451482}.Ad-Hoc|iPhone.ActiveCfg = Release|x86
		{8A4117C2-2521-4495-A4BB-64AE9C451482}.Ad-Hoc|iPhone.Build.0 = Release|x86
		{8A4117C2-2521-4495-A4BB-64AE9C451482}.Ad-Hoc|iPhone.Deploy.0 = Release|x86
		{8A4117C2-2521-4495-A4BB-64AE9C451482}.Ad-Hoc|iPhoneSimulator.ActiveCfg = Release|x86
		{8A4117C2-2521-4495-A4BB-64AE9C451482}.Ad-Hoc|iPhoneSimulator.Build.0 = Release|x86
		{8A4117C2-2521-4495-A4BB-64AE9C451482}.Ad-Hoc|iPhoneSimulator.Deploy.0 = Release|x86
		{8A4117C2-2521-4495-A4BB-64AE9C451482}.Ad-Hoc|x64.ActiveCfg = Release|x64
		{8A4117C2-2521-4495-A4BB-64AE9C451482}.Ad-Hoc|x64.Build.0 = Release|x64
		{8A4117C2-2521-4495-A4BB-64AE9C451482}.Ad-Hoc|x64.Deploy.0 = Release|x64
		{8A4117C2-2521-4495-A4BB-64AE9C451482}.Ad-Hoc|x86.ActiveCfg = Release|x86
		{8A4117C2-2521-4495-A4BB-64AE9C451482}.Ad-Hoc|x86.Build.0 = Release|x86
		{8A4117C2-2521-4495-A4BB-64AE9C451482}.Ad-Hoc|x86.Deploy.0 = Release|x86
		{8A4117C2-2521-4495-A4BB-64AE9C451482}.AppStore|Any CPU.ActiveCfg = Release|x86
		{8A4117C2-2521-4495-A4BB-64AE9C451482}.AppStore|Any CPU.Build.0 = Release|x86
		{8A4117C2-2521-4495-A4BB-64AE9C451482}.AppStore|Any CPU.Deploy.0 = Release|x86
		{8A4117C2-2521-4495-A4BB-64AE9C451482}.AppStore|ARM.ActiveCfg = Release|ARM
		{8A4117C2-2521-4495-A4BB-64AE9C451482}.AppStore|ARM.Build.0 = Release|ARM
		{8A4117C2-2521-4495-A4BB-64AE9C451482}.AppStore|ARM.Deploy.0 = Release|ARM
		{8A4117C2-2521-4495-A4BB-64AE9C451482}.AppStore|iPhone.ActiveCfg = Release|x86
		{8A4117C2-2521-4495-A4BB-64AE9C451482}.AppStore|iPhone.Build.0 = Release|x86
		{8A4117C2-2521-4495-A4BB-64AE9C451482}.AppStore|iPhone.Deploy.0 = Release|x86
		{8A4117C2-2521-4495-A4BB-64AE9C451482}.AppStore|iPhoneSimulator.ActiveCfg = Release|x86
		{8A4117C2-2521-4495-A4BB-64AE9C451482}.AppStore|iPhoneSimulator.Build.0 = Release|x86
		{8A4117C2-2521-4495-A4BB-64AE9C451482}.AppStore|iPhoneSimulator.Deploy.0 = Release|x86
		{8A4117C2-2521-4495-A4BB-64AE9C451482}.AppStore|x64.ActiveCfg = Release|x64
		{8A4117C2-2521-4495-A4BB-64AE9C451482}.AppStore|x64.Build.0 = Release|x64
		{8A4117C2-2521-4495-A4BB-64AE9C451482}.AppStore|x64.Deploy.0 = Release|x64
		{8A4117C2-2521-4495-A4BB-64AE9C451482}.AppStore|x86.ActiveCfg = Release|x86
		{8A4117C2-2521-4495-A4BB-64AE9C451482}.AppStore|x86.Build.0 = Release|x86
		{8A4117C2-2521-4495-A4BB-64AE9C451482}.AppStore|x86.Deploy.0 = Release|x86
		{8A4117C2-2521-4495-A4BB-64AE9C451482}.Debug|Any CPU.ActiveCfg = Debug|x86
		{8A4117C2-2521-4495-A4BB-64AE9C451482}.Debug|Any CPU.Build.0 = Debug|x86
		{8A4117C2-2521-4495-A4BB-64AE9C451482}.Debug|Any CPU.Deploy.0 = Debug|x86
		{8A4117C2-2521-4495-A4BB-64AE9C451482}.Debug|ARM.ActiveCfg = Debug|ARM
		{8A4117C2-2521-4495-A4BB-64AE9C451482}.Debug|ARM.Build.0 = Debug|ARM
		{8A4117C2-2521-4495-A4BB-64AE9C451482}.Debug|ARM.Deploy.0 = Debug|ARM
		{8A4117C2-2521-4495-A4BB-64AE9C451482}.Debug|iPhone.ActiveCfg = Debug|x86
		{8A4117C2-2521-4495-A4BB-64AE9C451482}.Debug|iPhone.Build.0 = Debug|x86
		{8A4117C2-2521-4495-A4BB-64AE9C451482}.Debug|iPhone.Deploy.0 = Debug|x86
		{8A4117C2-2521-4495-A4BB-64AE9C451482}.Debug|iPhoneSimulator.ActiveCfg = Debug|x86
		{8A4117C2-2521-4495-A4BB-64AE9C451482}.Debug|iPhoneSimulator.Build.0 = Debug|x86
		{8A4117C2-2521-4495-A4BB-64AE9C451482}.Debug|iPhoneSimulator.Deploy.0 = Debug|x86
		{8A4117C2-2521-4495-A4BB-64AE9C451482}.Debug|x64.ActiveCfg = Debug|x64
		{8A4117C2-2521-4495-A4BB-64AE9C451482}.Debug|x64.Build.0 = Debug|x64
		{8A4117C2-2521-4495-A4BB-64AE9C451482}.Debug|x64.Deploy.0 = Debug|x64
		{8A4117C2-2521-4495-A4BB-64AE9C451482}.Debug|x86.ActiveCfg = Debug|x86
		{8A4117C2-2521-4495-A4BB-64AE9C451482}.Debug|x86.Build.0 = Debug|x86
		{8A4117C2-2521-4495-A4BB-64AE9C451482}.Debug|x86.Deploy.0 = Debug|x86
		{8A4117C2-2521-4495-A4BB-64AE9C451482}.Release|Any CPU.ActiveCfg = Release|x86
		{8A4117C2-2521-4495-A4BB-64AE9C451482}.Release|Any CPU.Build.0 = Release|x86
		{8A4117C2-2521-4495-A4BB-64AE9C451482}.Release|Any CPU.Deploy.0 = Release|x86
		{8A4117C2-2521-4495-A4BB-64AE9C451482}.Release|ARM.ActiveCfg = Release|ARM
		{8A4117C2-2521-4495-A4BB-64AE9C451482}.Release|ARM.Build.0 = Release|ARM
		{8A4117C2-2521-4495-A4BB-64AE9C451482}.Release|ARM.Deploy.0 = Release|ARM
		{8A4117C2-2521-4495-A4BB-64AE9C451482}.Release|iPhone.ActiveCfg = Release|x86
		{8A4117C2-2521-4495-A4BB-64AE9C451482}.Release|iPhone.Build.0 = Release|x86
		{8A4117C2-2521-4495-A4BB-64AE9C451482}.Release|iPhone.Deploy.0 = Release|x86
		{8A4117C2-2521-4495-A4BB-64AE9C451482}.Release|iPhoneSimulator.ActiveCfg = Release|x86
		{8A4117C2-2521-4495-A4BB-64AE9C451482}.Release|iPhoneSimulator.Build.0 = Release|x86
		{8A4117C2-2521-4495-A4BB-64AE9C451482}.Release|iPhoneSimulator.Deploy.0 = Release|x86
		{8A4117C2-2521-4495-A4BB-64AE9C451482}.Release|x64.ActiveCfg = Release|x64
		{8A4117C2-2521-4495-A4BB-64AE9C451482}.Release|x64.Build.0 = Release|x64
		{8A4117C2-2521-4495-A4BB-64AE9C451482}.Release|x64.Deploy.0 = Release|x64
		{8A4117C2-2521-4495-A4BB-64AE9C451482}.Release|x86.ActiveCfg = Release|x86
		{8A4117C2-2521-4495-A4BB-64AE9C451482}.Release|x86.Build.0 = Release|x86
		{8A4117C2-2521-4495-A4BB-64AE9C451482}.Release|x86.Deploy.0 = Release|x86
		{4168DB72-2042-4A0B-9F7B-AD99D76BA25C}.Ad-Hoc|Any CPU.ActiveCfg = Debug|Any CPU
		{4168DB72-2042-4A0B-9F7B-AD99D76BA25C}.Ad-Hoc|Any CPU.Build.0 = Debug|Any CPU
		{4168DB72-2042-4A0B-9F7B-AD99D76BA25C}.Ad-Hoc|Any CPU.Deploy.0 = Debug|Any CPU
		{4168DB72-2042-4A0B-9F7B-AD99D76BA25C}.Ad-Hoc|ARM.ActiveCfg = Debug|Any CPU
		{4168DB72-2042-4A0B-9F7B-AD99D76BA25C}.Ad-Hoc|ARM.Build.0 = Debug|Any CPU
		{4168DB72-2042-4A0B-9F7B-AD99D76BA25C}.Ad-Hoc|ARM.Deploy.0 = Debug|Any CPU
		{4168DB72-2042-4A0B-9F7B-AD99D76BA25C}.Ad-Hoc|iPhone.ActiveCfg = Debug|Any CPU
		{4168DB72-2042-4A0B-9F7B-AD99D76BA25C}.Ad-Hoc|iPhone.Build.0 = Debug|Any CPU
		{4168DB72-2042-4A0B-9F7B-AD99D76BA25C}.Ad-Hoc|iPhone.Deploy.0 = Debug|Any CPU
		{4168DB72-2042-4A0B-9F7B-AD99D76BA25C}.Ad-Hoc|iPhoneSimulator.ActiveCfg = Debug|Any CPU
		{4168DB72-2042-4A0B-9F7B-AD99D76BA25C}.Ad-Hoc|iPhoneSimulator.Build.0 = Debug|Any CPU
		{4168DB72-2042-4A0B-9F7B-AD99D76BA25C}.Ad-Hoc|iPhoneSimulator.Deploy.0 = Debug|Any CPU
		{4168DB72-2042-4A0B-9F7B-AD99D76BA25C}.Ad-Hoc|x64.ActiveCfg = Debug|Any CPU
		{4168DB72-2042-4A0B-9F7B-AD99D76BA25C}.Ad-Hoc|x64.Build.0 = Debug|Any CPU
		{4168DB72-2042-4A0B-9F7B-AD99D76BA25C}.Ad-Hoc|x64.Deploy.0 = Debug|Any CPU
		{4168DB72-2042-4A0B-9F7B-AD99D76BA25C}.Ad-Hoc|x86.ActiveCfg = Debug|Any CPU
		{4168DB72-2042-4A0B-9F7B-AD99D76BA25C}.Ad-Hoc|x86.Build.0 = Debug|Any CPU
		{4168DB72-2042-4A0B-9F7B-AD99D76BA25C}.Ad-Hoc|x86.Deploy.0 = Debug|Any CPU
		{4168DB72-2042-4A0B-9F7B-AD99D76BA25C}.AppStore|Any CPU.ActiveCfg = Debug|Any CPU
		{4168DB72-2042-4A0B-9F7B-AD99D76BA25C}.AppStore|Any CPU.Build.0 = Debug|Any CPU
		{4168DB72-2042-4A0B-9F7B-AD99D76BA25C}.AppStore|Any CPU.Deploy.0 = Debug|Any CPU
		{4168DB72-2042-4A0B-9F7B-AD99D76BA25C}.AppStore|ARM.ActiveCfg = Debug|Any CPU
		{4168DB72-2042-4A0B-9F7B-AD99D76BA25C}.AppStore|ARM.Build.0 = Debug|Any CPU
		{4168DB72-2042-4A0B-9F7B-AD99D76BA25C}.AppStore|ARM.Deploy.0 = Debug|Any CPU
		{4168DB72-2042-4A0B-9F7B-AD99D76BA25C}.AppStore|iPhone.ActiveCfg = Debug|Any CPU
		{4168DB72-2042-4A0B-9F7B-AD99D76BA25C}.AppStore|iPhone.Build.0 = Debug|Any CPU
		{4168DB72-2042-4A0B-9F7B-AD99D76BA25C}.AppStore|iPhone.Deploy.0 = Debug|Any CPU
		{4168DB72-2042-4A0B-9F7B-AD99D76BA25C}.AppStore|iPhoneSimulator.ActiveCfg = Debug|Any CPU
		{4168DB72-2042-4A0B-9F7B-AD99D76BA25C}.AppStore|iPhoneSimulator.Build.0 = Debug|Any CPU
		{4168DB72-2042-4A0B-9F7B-AD99D76BA25C}.AppStore|iPhoneSimulator.Deploy.0 = Debug|Any CPU
		{4168DB72-2042-4A0B-9F7B-AD99D76BA25C}.AppStore|x64.ActiveCfg = Debug|Any CPU
		{4168DB72-2042-4A0B-9F7B-AD99D76BA25C}.AppStore|x64.Build.0 = Debug|Any CPU
		{4168DB72-2042-4A0B-9F7B-AD99D76BA25C}.AppStore|x64.Deploy.0 = Debug|Any CPU
		{4168DB72-2042-4A0B-9F7B-AD99D76BA25C}.AppStore|x86.ActiveCfg = Debug|Any CPU
		{4168DB72-2042-4A0B-9F7B-AD99D76BA25C}.AppStore|x86.Build.0 = Debug|Any CPU
		{4168DB72-2042-4A0B-9F7B-AD99D76BA25C}.AppStore|x86.Deploy.0 = Debug|Any CPU
		{4168DB72-2042-4A0B-9F7B-AD99D76BA25C}.Debug|Any CPU.ActiveCfg = Debug|Any CPU
		{4168DB72-2042-4A0B-9F7B-AD99D76BA25C}.Debug|Any CPU.Build.0 = Debug|Any CPU
		{4168DB72-2042-4A0B-9F7B-AD99D76BA25C}.Debug|Any CPU.Deploy.0 = Debug|Any CPU
		{4168DB72-2042-4A0B-9F7B-AD99D76BA25C}.Debug|ARM.ActiveCfg = Debug|Any CPU
		{4168DB72-2042-4A0B-9F7B-AD99D76BA25C}.Debug|ARM.Build.0 = Debug|Any CPU
		{4168DB72-2042-4A0B-9F7B-AD99D76BA25C}.Debug|ARM.Deploy.0 = Debug|Any CPU
		{4168DB72-2042-4A0B-9F7B-AD99D76BA25C}.Debug|iPhone.ActiveCfg = Debug|Any CPU
		{4168DB72-2042-4A0B-9F7B-AD99D76BA25C}.Debug|iPhone.Build.0 = Debug|Any CPU
		{4168DB72-2042-4A0B-9F7B-AD99D76BA25C}.Debug|iPhone.Deploy.0 = Debug|Any CPU
		{4168DB72-2042-4A0B-9F7B-AD99D76BA25C}.Debug|iPhoneSimulator.ActiveCfg = Debug|Any CPU
		{4168DB72-2042-4A0B-9F7B-AD99D76BA25C}.Debug|iPhoneSimulator.Build.0 = Debug|Any CPU
		{4168DB72-2042-4A0B-9F7B-AD99D76BA25C}.Debug|iPhoneSimulator.Deploy.0 = Debug|Any CPU
		{4168DB72-2042-4A0B-9F7B-AD99D76BA25C}.Debug|x64.ActiveCfg = Debug|Any CPU
		{4168DB72-2042-4A0B-9F7B-AD99D76BA25C}.Debug|x64.Build.0 = Debug|Any CPU
		{4168DB72-2042-4A0B-9F7B-AD99D76BA25C}.Debug|x64.Deploy.0 = Debug|Any CPU
		{4168DB72-2042-4A0B-9F7B-AD99D76BA25C}.Debug|x86.ActiveCfg = Debug|Any CPU
		{4168DB72-2042-4A0B-9F7B-AD99D76BA25C}.Debug|x86.Build.0 = Debug|Any CPU
		{4168DB72-2042-4A0B-9F7B-AD99D76BA25C}.Debug|x86.Deploy.0 = Debug|Any CPU
		{4168DB72-2042-4A0B-9F7B-AD99D76BA25C}.Release|Any CPU.ActiveCfg = Release|Any CPU
		{4168DB72-2042-4A0B-9F7B-AD99D76BA25C}.Release|Any CPU.Build.0 = Release|Any CPU
		{4168DB72-2042-4A0B-9F7B-AD99D76BA25C}.Release|Any CPU.Deploy.0 = Release|Any CPU
		{4168DB72-2042-4A0B-9F7B-AD99D76BA25C}.Release|ARM.ActiveCfg = Release|Any CPU
		{4168DB72-2042-4A0B-9F7B-AD99D76BA25C}.Release|ARM.Build.0 = Release|Any CPU
		{4168DB72-2042-4A0B-9F7B-AD99D76BA25C}.Release|ARM.Deploy.0 = Release|Any CPU
		{4168DB72-2042-4A0B-9F7B-AD99D76BA25C}.Release|iPhone.ActiveCfg = Release|Any CPU
		{4168DB72-2042-4A0B-9F7B-AD99D76BA25C}.Release|iPhone.Build.0 = Release|Any CPU
		{4168DB72-2042-4A0B-9F7B-AD99D76BA25C}.Release|iPhone.Deploy.0 = Release|Any CPU
		{4168DB72-2042-4A0B-9F7B-AD99D76BA25C}.Release|iPhoneSimulator.ActiveCfg = Release|Any CPU
		{4168DB72-2042-4A0B-9F7B-AD99D76BA25C}.Release|iPhoneSimulator.Build.0 = Release|Any CPU
		{4168DB72-2042-4A0B-9F7B-AD99D76BA25C}.Release|iPhoneSimulator.Deploy.0 = Release|Any CPU
		{4168DB72-2042-4A0B-9F7B-AD99D76BA25C}.Release|x64.ActiveCfg = Release|Any CPU
		{4168DB72-2042-4A0B-9F7B-AD99D76BA25C}.Release|x64.Build.0 = Release|Any CPU
		{4168DB72-2042-4A0B-9F7B-AD99D76BA25C}.Release|x64.Deploy.0 = Release|Any CPU
		{4168DB72-2042-4A0B-9F7B-AD99D76BA25C}.Release|x86.ActiveCfg = Release|Any CPU
		{4168DB72-2042-4A0B-9F7B-AD99D76BA25C}.Release|x86.Build.0 = Release|Any CPU
		{4168DB72-2042-4A0B-9F7B-AD99D76BA25C}.Release|x86.Deploy.0 = Release|Any CPU
		{63C389E7-8A60-4D8C-B7A0-E1A15DE8C636}.Ad-Hoc|Any CPU.ActiveCfg = Release|Any CPU
		{63C389E7-8A60-4D8C-B7A0-E1A15DE8C636}.Ad-Hoc|Any CPU.Build.0 = Release|Any CPU
		{63C389E7-8A60-4D8C-B7A0-E1A15DE8C636}.Ad-Hoc|ARM.ActiveCfg = Release|Any CPU
		{63C389E7-8A60-4D8C-B7A0-E1A15DE8C636}.Ad-Hoc|ARM.Build.0 = Release|Any CPU
		{63C389E7-8A60-4D8C-B7A0-E1A15DE8C636}.Ad-Hoc|iPhone.ActiveCfg = Release|Any CPU
		{63C389E7-8A60-4D8C-B7A0-E1A15DE8C636}.Ad-Hoc|iPhone.Build.0 = Release|Any CPU
		{63C389E7-8A60-4D8C-B7A0-E1A15DE8C636}.Ad-Hoc|iPhoneSimulator.ActiveCfg = Release|Any CPU
		{63C389E7-8A60-4D8C-B7A0-E1A15DE8C636}.Ad-Hoc|iPhoneSimulator.Build.0 = Release|Any CPU
		{63C389E7-8A60-4D8C-B7A0-E1A15DE8C636}.Ad-Hoc|x64.ActiveCfg = Release|Any CPU
		{63C389E7-8A60-4D8C-B7A0-E1A15DE8C636}.Ad-Hoc|x64.Build.0 = Release|Any CPU
		{63C389E7-8A60-4D8C-B7A0-E1A15DE8C636}.Ad-Hoc|x86.ActiveCfg = Release|Any CPU
		{63C389E7-8A60-4D8C-B7A0-E1A15DE8C636}.Ad-Hoc|x86.Build.0 = Release|Any CPU
		{63C389E7-8A60-4D8C-B7A0-E1A15DE8C636}.AppStore|Any CPU.ActiveCfg = Release|Any CPU
		{63C389E7-8A60-4D8C-B7A0-E1A15DE8C636}.AppStore|Any CPU.Build.0 = Release|Any CPU
		{63C389E7-8A60-4D8C-B7A0-E1A15DE8C636}.AppStore|ARM.ActiveCfg = Release|Any CPU
		{63C389E7-8A60-4D8C-B7A0-E1A15DE8C636}.AppStore|ARM.Build.0 = Release|Any CPU
		{63C389E7-8A60-4D8C-B7A0-E1A15DE8C636}.AppStore|iPhone.ActiveCfg = Release|Any CPU
		{63C389E7-8A60-4D8C-B7A0-E1A15DE8C636}.AppStore|iPhone.Build.0 = Release|Any CPU
		{63C389E7-8A60-4D8C-B7A0-E1A15DE8C636}.AppStore|iPhoneSimulator.ActiveCfg = Release|Any CPU
		{63C389E7-8A60-4D8C-B7A0-E1A15DE8C636}.AppStore|iPhoneSimulator.Build.0 = Release|Any CPU
		{63C389E7-8A60-4D8C-B7A0-E1A15DE8C636}.AppStore|x64.ActiveCfg = Release|Any CPU
		{63C389E7-8A60-4D8C-B7A0-E1A15DE8C636}.AppStore|x64.Build.0 = Release|Any CPU
		{63C389E7-8A60-4D8C-B7A0-E1A15DE8C636}.AppStore|x86.ActiveCfg = Release|Any CPU
		{63C389E7-8A60-4D8C-B7A0-E1A15DE8C636}.AppStore|x86.Build.0 = Release|Any CPU
		{63C389E7-8A60-4D8C-B7A0-E1A15DE8C636}.Debug|Any CPU.ActiveCfg = Debug|Any CPU
		{63C389E7-8A60-4D8C-B7A0-E1A15DE8C636}.Debug|Any CPU.Build.0 = Debug|Any CPU
		{63C389E7-8A60-4D8C-B7A0-E1A15DE8C636}.Debug|ARM.ActiveCfg = Debug|Any CPU
		{63C389E7-8A60-4D8C-B7A0-E1A15DE8C636}.Debug|ARM.Build.0 = Debug|Any CPU
		{63C389E7-8A60-4D8C-B7A0-E1A15DE8C636}.Debug|iPhone.ActiveCfg = Debug|Any CPU
		{63C389E7-8A60-4D8C-B7A0-E1A15DE8C636}.Debug|iPhone.Build.0 = Debug|Any CPU
		{63C389E7-8A60-4D8C-B7A0-E1A15DE8C636}.Debug|iPhoneSimulator.ActiveCfg = Debug|Any CPU
		{63C389E7-8A60-4D8C-B7A0-E1A15DE8C636}.Debug|iPhoneSimulator.Build.0 = Debug|Any CPU
		{63C389E7-8A60-4D8C-B7A0-E1A15DE8C636}.Debug|x64.ActiveCfg = Debug|Any CPU
		{63C389E7-8A60-4D8C-B7A0-E1A15DE8C636}.Debug|x64.Build.0 = Debug|Any CPU
		{63C389E7-8A60-4D8C-B7A0-E1A15DE8C636}.Debug|x86.ActiveCfg = Debug|Any CPU
		{63C389E7-8A60-4D8C-B7A0-E1A15DE8C636}.Debug|x86.Build.0 = Debug|Any CPU
		{63C389E7-8A60-4D8C-B7A0-E1A15DE8C636}.Release|Any CPU.ActiveCfg = Release|Any CPU
		{63C389E7-8A60-4D8C-B7A0-E1A15DE8C636}.Release|Any CPU.Build.0 = Release|Any CPU
		{63C389E7-8A60-4D8C-B7A0-E1A15DE8C636}.Release|ARM.ActiveCfg = Release|Any CPU
		{63C389E7-8A60-4D8C-B7A0-E1A15DE8C636}.Release|ARM.Build.0 = Release|Any CPU
		{63C389E7-8A60-4D8C-B7A0-E1A15DE8C636}.Release|iPhone.ActiveCfg = Release|Any CPU
		{63C389E7-8A60-4D8C-B7A0-E1A15DE8C636}.Release|iPhone.Build.0 = Release|Any CPU
		{63C389E7-8A60-4D8C-B7A0-E1A15DE8C636}.Release|iPhoneSimulator.ActiveCfg = Release|Any CPU
		{63C389E7-8A60-4D8C-B7A0-E1A15DE8C636}.Release|iPhoneSimulator.Build.0 = Release|Any CPU
		{63C389E7-8A60-4D8C-B7A0-E1A15DE8C636}.Release|x64.ActiveCfg = Release|Any CPU
		{63C389E7-8A60-4D8C-B7A0-E1A15DE8C636}.Release|x64.Build.0 = Release|Any CPU
		{63C389E7-8A60-4D8C-B7A0-E1A15DE8C636}.Release|x86.ActiveCfg = Release|Any CPU
		{63C389E7-8A60-4D8C-B7A0-E1A15DE8C636}.Release|x86.Build.0 = Release|Any CPU
	EndGlobalSection
	GlobalSection(SolutionProperties) = preSolution
		HideSolutionNode = FALSE
	EndGlobalSection
	GlobalSection(ExtensibilityGlobals) = postSolution
		SolutionGuid = {51F0317E-662C-4328-901B-D5661101295B}
	EndGlobalSection
EndGlobal
